
Microsoft Visual Studio Solution File, Format Version 12.00
# Visual Studio 15
VisualStudioVersion = 15.0.28307.779
MinimumVisualStudioVersion = 10.0.40219.1
Project("{FAE04EC0-301F-11D3-BF4B-00C04F79EFBC}") = "Deliverable 2- Conditional Statement", "Deliverable 2- Conditional Statement\Deliverable 2- Conditional Statement.csproj", "{76199094-AE3D-4CF5-937A-64E4240D4A2A}"
EndProject
Global
	GlobalSection(SolutionConfigurationPlatforms) = preSolution
		Debug|Any CPU = Debug|Any CPU
		Release|Any CPU = Release|Any CPU
	EndGlobalSection
	GlobalSection(ProjectConfigurationPlatforms) = postSolution
		{76199094-AE3D-4CF5-937A-64E4240D4A2A}.Debug|Any CPU.ActiveCfg = Debug|Any CPU
		{76199094-AE3D-4CF5-937A-64E4240D4A2A}.Debug|Any CPU.Build.0 = Debug|Any CPU
		{76199094-AE3D-4CF5-937A-64E4240D4A2A}.Release|Any CPU.ActiveCfg = Release|Any CPU
		{76199094-AE3D-4CF5-937A-64E4240D4A2A}.Release|Any CPU.Build.0 = Release|Any CPU
	EndGlobalSection
	GlobalSection(SolutionProperties) = preSolution
		HideSolutionNode = FALSE
	EndGlobalSection
	GlobalSection(ExtensibilityGlobals) = postSolution
		SolutionGuid = {92F40139-6FC6-4363-9B7D-F37B1CF25E25}
	EndGlobalSection
EndGlobal
